
Microsoft Visual Studio Solution File, Format Version 12.00
# Visual Studio Version 17
VisualStudioVersion = 17.14.36511.14 d17.14
MinimumVisualStudioVersion = 10.0.40219.1
Project("{FAE04EC0-301F-11D3-BF4B-00C04F79EFBC}") = "ConsoleApp1", "ConsoleApp1\ConsoleApp1.csproj", "{932A9197-52B7-465E-B4D6-497780F55B5B}"
EndProject
Global
	GlobalSection(SolutionConfigurationPlatforms) = preSolution
		Debug|Any CPU = Debug|Any CPU
		Release|Any CPU = Release|Any CPU
	EndGlobalSection
	GlobalSection(ProjectConfigurationPlatforms) = postSolution
		{932A9197-52B7-465E-B4D6-497780F55B5B}.Debug|Any CPU.ActiveCfg = Debug|Any CPU
		{932A9197-52B7-465E-B4D6-497780F55B5B}.Debug|Any CPU.Build.0 = Debug|Any CPU
		{932A9197-52B7-465E-B4D6-497780F55B5B}.Release|Any CPU.ActiveCfg = Release|Any CPU
		{932A9197-52B7-465E-B4D6-497780F55B5B}.Release|Any CPU.Build.0 = Release|Any CPU
	EndGlobalSection
	GlobalSection(SolutionProperties) = preSolution
		HideSolutionNode = FALSE
	EndGlobalSection
	GlobalSection(ExtensibilityGlobals) = postSolution
		SolutionGuid = {699F3E9A-4DC9-4259-8BE5-CE3FAD30C63A}
	EndGlobalSection
EndGlobal
